
Microsoft Visual Studio Solution File, Format Version 12.00
# Visual Studio 15
VisualStudioVersion = 15.0.27428.2005
MinimumVisualStudioVersion = 10.0.40219.1
Project("{FAE04EC0-301F-11D3-BF4B-00C04F79EFBC}") = "RSK_Projekt", "RSK_Projekt\RSK_Projekt.csproj", "{6A5FFA10-4CD5-44CC-8396-2DF593359013}"
EndProject
Global
	GlobalSection(SolutionConfigurationPlatforms) = preSolution
		Debug|Any CPU = Debug|Any CPU
		Release|Any CPU = Release|Any CPU
	EndGlobalSection
	GlobalSection(ProjectConfigurationPlatforms) = postSolution
		{6A5FFA10-4CD5-44CC-8396-2DF593359013}.Debug|Any CPU.ActiveCfg = Debug|Any CPU
		{6A5FFA10-4CD5-44CC-8396-2DF593359013}.Debug|Any CPU.Build.0 = Debug|Any CPU
		{6A5FFA10-4CD5-44CC-8396-2DF593359013}.Release|Any CPU.ActiveCfg = Release|Any CPU
		{6A5FFA10-4CD5-44CC-8396-2DF593359013}.Release|Any CPU.Build.0 = Release|Any CPU
	EndGlobalSection
	GlobalSection(SolutionProperties) = preSolution
		HideSolutionNode = FALSE
	EndGlobalSection
	GlobalSection(ExtensibilityGlobals) = postSolution
		SolutionGuid = {6255A468-30AD-4836-AE82-B1F99F814E09}
	EndGlobalSection
EndGlobal
